
Microsoft Visual Studio Solution File, Format Version 12.00
# Visual Studio Version 16
VisualStudioVersion = 16.0.30711.63
MinimumVisualStudioVersion = 10.0.40219.1
Project("{FAE04EC0-301F-11D3-BF4B-00C04F79EFBC}") = "ChromeCast.Desktop.AudioStreamer", "ChromeCast.Desktop.AudioStreamer\ChromeCast.Desktop.AudioStreamer.csproj", "{4133DCC6-8CBF-4E67-B798-2EE414A5726C}"
EndProject
Project("{FAE04EC0-301F-11D3-BF4B-00C04F79EFBC}") = "ChromeCast.Desktop.AudioStreamer.Test", "ChromeCast.Desktop.AudioStreamer.Test\ChromeCast.Desktop.AudioStreamer.Test.csproj", "{C54E3941-F6BE-4FC5-9994-CBA18155CA28}"
EndProject
Project("{54435603-DBB4-11D2-8724-00A0C9A8B90C}") = "Setup", "Setup Project\Setup.vdproj", "{0C67E244-6F3C-42C6-858E-F244541039A1}"
EndProject
Global
	GlobalSection(SolutionConfigurationPlatforms) = preSolution
		Debug|Any CPU = Debug|Any CPU
		Debug|x64 = Debug|x64
		Debug|x86 = Debug|x86
		Release|Any CPU = Release|Any CPU
		Release|x64 = Release|x64
		Release|x86 = Release|x86
	EndGlobalSection
	GlobalSection(ProjectConfigurationPlatforms) = postSolution
		{4133DCC6-8CBF-4E67-B798-2EE414A5726C}.Debug|Any CPU.ActiveCfg = Debug|Any CPU
		{4133DCC6-8CBF-4E67-B798-2EE414A5726C}.Debug|Any CPU.Build.0 = Debug|Any CPU
		{4133DCC6-8CBF-4E67-B798-2EE414A5726C}.Debug|x64.ActiveCfg = Debug|Any CPU
		{4133DCC6-8CBF-4E67-B798-2EE414A5726C}.Debug|x64.Build.0 = Debug|Any CPU
		{4133DCC6-8CBF-4E67-B798-2EE414A5726C}.Debug|x86.ActiveCfg = Debug|Any CPU
		{4133DCC6-8CBF-4E67-B798-2EE414A5726C}.Debug|x86.Build.0 = Debug|Any CPU
		{4133DCC6-8CBF-4E67-B798-2EE414A5726C}.Release|Any CPU.ActiveCfg = Release|Any CPU
		{4133DCC6-8CBF-4E67-B798-2EE414A5726C}.Release|Any CPU.Build.0 = Release|Any CPU
		{4133DCC6-8CBF-4E67-B798-2EE414A5726C}.Release|x64.ActiveCfg = Release|Any CPU
		{4133DCC6-8CBF-4E67-B798-2EE414A5726C}.Release|x64.Build.0 = Release|Any CPU
		{4133DCC6-8CBF-4E67-B798-2EE414A5726C}.Release|x86.ActiveCfg = Release|Any CPU
		{4133DCC6-8CBF-4E67-B798-2EE414A5726C}.Release|x86.Build.0 = Release|Any CPU
		{C54E3941-F6BE-4FC5-9994-CBA18155CA28}.Debug|Any CPU.ActiveCfg = Debug|Any CPU
		{C54E3941-F6BE-4FC5-9994-CBA18155CA28}.Debug|Any CPU.Build.0 = Debug|Any CPU
		{C54E3941-F6BE-4FC5-9994-CBA18155CA28}.Debug|x64.ActiveCfg = Debug|Any CPU
		{C54E3941-F6BE-4FC5-9994-CBA18155CA28}.Debug|x64.Build.0 = Debug|Any CPU
		{C54E3941-F6BE-4FC5-9994-CBA18155CA28}.Debug|x86.ActiveCfg = Debug|Any CPU
		{C54E3941-F6BE-4FC5-9994-CBA18155CA28}.Debug|x86.Build.0 = Debug|Any CPU
		{C54E3941-F6BE-4FC5-9994-CBA18155CA28}.Release|Any CPU.ActiveCfg = Release|Any CPU
		{C54E3941-F6BE-4FC5-9994-CBA18155CA28}.Release|Any CPU.Build.0 = Release|Any CPU
		{C54E3941-F6BE-4FC5-9994-CBA18155CA28}.Release|x64.ActiveCfg = Release|Any CPU
		{C54E3941-F6BE-4FC5-9994-CBA18155CA28}.Release|x64.Build.0 = Release|Any CPU
		{C54E3941-F6BE-4FC5-9994-CBA18155CA28}.Release|x86.ActiveCfg = Release|Any CPU
		{C54E3941-F6BE-4FC5-9994-CBA18155CA28}.Release|x86.Build.0 = Release|Any CPU
		{0C67E244-6F3C-42C6-858E-F244541039A1}.Debug|Any CPU.ActiveCfg = Debug
		{0C67E244-6F3C-42C6-858E-F244541039A1}.Debug|Any CPU.Build.0 = Debug
		{0C67E244-6F3C-42C6-858E-F244541039A1}.Debug|x64.ActiveCfg = Debug
		{0C67E244-6F3C-42C6-858E-F244541039A1}.Debug|x64.Build.0 = Debug
		{0C67E244-6F3C-42C6-858E-F244541039A1}.Debug|x86.ActiveCfg = Debug
		{0C67E244-6F3C-42C6-858E-F244541039A1}.Debug|x86.Build.0 = Debug
		{0C67E244-6F3C-42C6-858E-F244541039A1}.Release|Any CPU.ActiveCfg = Release
		{0C67E244-6F3C-42C6-858E-F244541039A1}.Release|Any CPU.Build.0 = Release
		{0C67E244-6F3C-42C6-858E-F244541039A1}.Release|x64.ActiveCfg = Release
		{0C67E244-6F3C-42C6-858E-F244541039A1}.Release|x64.Build.0 = Release
		{0C67E244-6F3C-42C6-858E-F244541039A1}.Release|x86.ActiveCfg = Release
		{0C67E244-6F3C-42C6-858E-F244541039A1}.Release|x86.Build.0 = Release
	EndGlobalSection
	GlobalSection(SolutionProperties) = preSolution
		HideSolutionNode = FALSE
	EndGlobalSection
	GlobalSection(ExtensibilityGlobals) = postSolution
		SolutionGuid = {5415588F-B397-40B8-9135-3A5E12C26060}
	EndGlobalSection
EndGlobal
